// !$*UTF8*$!
{
	archiveVersion = 1;
	classes = {
	};
	objectVersion = 55;
	objects = {

/* Begin PBXBuildFile section */
		638E6D9127AFFC550092B324 /* Array+Extension.swift in Sources */ = {isa = PBXBuildFile; fileRef = 638E6D9027AFFC550092B324 /* Array+Extension.swift */; };
		63F906A327ABBE2700451844 /* AppDelegate.swift in Sources */ = {isa = PBXBuildFile; fileRef = 63F906A227ABBE2700451844 /* AppDelegate.swift */; };
		63F906A527ABBE2700451844 /* SceneDelegate.swift in Sources */ = {isa = PBXBuildFile; fileRef = 63F906A427ABBE2700451844 /* SceneDelegate.swift */; };
		63F906AA27ABBE2700451844 /* Main.storyboard in Resources */ = {isa = PBXBuildFile; fileRef = 63F906A827ABBE2700451844 /* Main.storyboard */; };
		63F906AC27ABBE2900451844 /* Assets.xcassets in Resources */ = {isa = PBXBuildFile; fileRef = 63F906AB27ABBE2900451844 /* Assets.xcassets */; };
		63F906AF27ABBE2900451844 /* LaunchScreen.storyboard in Resources */ = {isa = PBXBuildFile; fileRef = 63F906AD27ABBE2900451844 /* LaunchScreen.storyboard */; };
		63F906B727ABC5EA00451844 /* AnyWordsPartyTableViewController.swift in Sources */ = {isa = PBXBuildFile; fileRef = 63F906B627ABC5EA00451844 /* AnyWordsPartyTableViewController.swift */; };
		63F906B927ABFEC000451844 /* InputViewController.swift in Sources */ = {isa = PBXBuildFile; fileRef = 63F906B827ABFEC000451844 /* InputViewController.swift */; };
		63F906BC27AC039500451844 /* JokeModel.xcdatamodeld in Sources */ = {isa = PBXBuildFile; fileRef = 63F906BA27AC039500451844 /* JokeModel.xcdatamodeld */; };
		63F906BF27AC0D2E00451844 /* Joke+CoreDataClass.swift in Sources */ = {isa = PBXBuildFile; fileRef = 63F906BD27AC0D2E00451844 /* Joke+CoreDataClass.swift */; };
		63F906C027AC0D2E00451844 /* Joke+CoreDataProperties.swift in Sources */ = {isa = PBXBuildFile; fileRef = 63F906BE27AC0D2E00451844 /* Joke+CoreDataProperties.swift */; };
/* End PBXBuildFile section */

/* Begin PBXFileReference section */
		638E6D9027AFFC550092B324 /* Array+Extension.swift */ = {isa = PBXFileReference; lastKnownFileType = sourcecode.swift; path = "Array+Extension.swift"; sourceTree = "<group>"; };
		63F9069F27ABBE2700451844 /* iOS-AnyWordsParty.app */ = {isa = PBXFileReference; explicitFileType = wrapper.application; includeInIndex = 0; path = "iOS-AnyWordsParty.app"; sourceTree = BUILT_PRODUCTS_DIR; };
		63F906A227ABBE2700451844 /* AppDelegate.swift */ = {isa = PBXFileReference; lastKnownFileType = sourcecode.swift; path = AppDelegate.swift; sourceTree = "<group>"; };
		63F906A427ABBE2700451844 /* SceneDelegate.swift */ = {isa = PBXFileReference; lastKnownFileType = sourcecode.swift; path = SceneDelegate.swift; sourceTree = "<group>"; };
		63F906A927ABBE2700451844 /* Base */ = {isa = PBXFileReference; lastKnownFileType = file.storyboard; name = Base; path = Base.lproj/Main.storyboard; sourceTree = "<group>"; };
		63F906AB27ABBE2900451844 /* Assets.xcassets */ = {isa = PBXFileReference; lastKnownFileType = folder.assetcatalog; path = Assets.xcassets; sourceTree = "<group>"; };
		63F906AE27ABBE2900451844 /* Base */ = {isa = PBXFileReference; lastKnownFileType = file.storyboard; name = Base; path = Base.lproj/LaunchScreen.storyboard; sourceTree = "<group>"; };
		63F906B027ABBE2900451844 /* Info.plist */ = {isa = PBXFileReference; lastKnownFileType = text.plist.xml; path = Info.plist; sourceTree = "<group>"; };
		63F906B627ABC5EA00451844 /* AnyWordsPartyTableViewController.swift */ = {isa = PBXFileReference; lastKnownFileType = sourcecode.swift; path = AnyWordsPartyTableViewController.swift; sourceTree = "<group>"; };
		63F906B827ABFEC000451844 /* InputViewController.swift */ = {isa = PBXFileReference; lastKnownFileType = sourcecode.swift; path = InputViewController.swift; sourceTree = "<group>"; };
		63F906BB27AC039500451844 /* JokeModel.xcdatamodel */ = {isa = PBXFileReference; lastKnownFileType = wrapper.xcdatamodel; path = JokeModel.xcdatamodel; sourceTree = "<group>"; };
		63F906BD27AC0D2E00451844 /* Joke+CoreDataClass.swift */ = {isa = PBXFileReference; lastKnownFileType = sourcecode.swift; path = "Joke+CoreDataClass.swift"; sourceTree = "<group>"; };
		63F906BE27AC0D2E00451844 /* Joke+CoreDataProperties.swift */ = {isa = PBXFileReference; lastKnownFileType = sourcecode.swift; path = "Joke+CoreDataProperties.swift"; sourceTree = "<group>"; };
/* End PBXFileReference section */

/* Begin PBXFrameworksBuildPhase section */
		63F9069C27ABBE2700451844 /* Frameworks */ = {
			isa = PBXFrameworksBuildPhase;
			buildActionMask = 2147483647;
			files = (
			);
			runOnlyForDeploymentPostprocessing = 0;
		};
/* End PBXFrameworksBuildPhase section */

/* Begin PBXGroup section */
		638E6D8A27AFEC380092B324 /* View */ = {
			isa = PBXGroup;
			children = (
				63F906A827ABBE2700451844 /* Main.storyboard */,
				63F906AD27ABBE2900451844 /* LaunchScreen.storyboard */,
			);
			path = View;
			sourceTree = "<group>";
		};
		638E6D8B27AFEC530092B324 /* Controller */ = {
			isa = PBXGroup;
			children = (
				63F906B827ABFEC000451844 /* InputViewController.swift */,
				63F906B627ABC5EA00451844 /* AnyWordsPartyTableViewController.swift */,
			);
			path = Controller;
			sourceTree = "<group>";
		};
		638E6D8C27AFEC770092B324 /* AppDelegate */ = {
			isa = PBXGroup;
			children = (
				63F906A227ABBE2700451844 /* AppDelegate.swift */,
				63F906A427ABBE2700451844 /* SceneDelegate.swift */,
			);
			path = AppDelegate;
			sourceTree = "<group>";
		};
		638E6D8D27AFECAF0092B324 /* Model */ = {
			isa = PBXGroup;
			children = (
				63F906BA27AC039500451844 /* JokeModel.xcdatamodeld */,
				63F906BD27AC0D2E00451844 /* Joke+CoreDataClass.swift */,
				63F906BE27AC0D2E00451844 /* Joke+CoreDataProperties.swift */,
			);
			path = Model;
			sourceTree = "<group>";
		};
		638E6D8E27AFECD40092B324 /* Resource */ = {
			isa = PBXGroup;
			children = (
				63F906AB27ABBE2900451844 /* Assets.xcassets */,
			);
			path = Resource;
			sourceTree = "<group>";
		};
		638E6D8F27AFFC310092B324 /* Extension */ = {
			isa = PBXGroup;
			children = (
				638E6D9027AFFC550092B324 /* Array+Extension.swift */,
			);
			path = Extension;
			sourceTree = "<group>";
		};
		63F9069627ABBE2700451844 = {
			isa = PBXGroup;
			children = (
				63F906A127ABBE2700451844 /* iOS-AnyWordsParty */,
				63F906A027ABBE2700451844 /* Products */,
			);
			sourceTree = "<group>";
		};
		63F906A027ABBE2700451844 /* Products */ = {
			isa = PBXGroup;
			children = (
				63F9069F27ABBE2700451844 /* iOS-AnyWordsParty.app */,
			);
			name = Products;
			sourceTree = "<group>";
		};
		63F906A127ABBE2700451844 /* iOS-AnyWordsParty */ = {
			isa = PBXGroup;
			children = (
				63F906B027ABBE2900451844 /* Info.plist */,
				638E6D8F27AFFC310092B324 /* Extension */,
				638E6D8D27AFECAF0092B324 /* Model */,
				638E6D8A27AFEC380092B324 /* View */,
				638E6D8B27AFEC530092B324 /* Controller */,
				638E6D8C27AFEC770092B324 /* AppDelegate */,
				638E6D8E27AFECD40092B324 /* Resource */,
			);
			path = "iOS-AnyWordsParty";
			sourceTree = "<group>";
		};
/* End PBXGroup section */

/* Begin PBXNativeTarget section */
		63F9069E27ABBE2700451844 /* iOS-AnyWordsParty */ = {
			isa = PBXNativeTarget;
			buildConfigurationList = 63F906B327ABBE2900451844 /* Build configuration list for PBXNativeTarget "iOS-AnyWordsParty" */;
			buildPhases = (
				63F9069B27ABBE2700451844 /* Sources */,
				63F9069C27ABBE2700451844 /* Frameworks */,
				63F9069D27ABBE2700451844 /* Resources */,
			);
			buildRules = (
			);
			dependencies = (
			);
			name = "iOS-AnyWordsParty";
			productName = "iOS-AnyWordsParty";
			productReference = 63F9069F27ABBE2700451844 /* iOS-AnyWordsParty.app */;
			productType = "com.apple.product-type.application";
		};
/* End PBXNativeTarget section */

/* Begin PBXProject section */
		63F9069727ABBE2700451844 /* Project object */ = {
			isa = PBXProject;
			attributes = {
				BuildIndependentTargetsInParallel = 1;
				LastSwiftUpdateCheck = 1310;
				LastUpgradeCheck = 1310;
				TargetAttributes = {
					63F9069E27ABBE2700451844 = {
						CreatedOnToolsVersion = 13.1;
					};
				};
			};
			buildConfigurationList = 63F9069A27ABBE2700451844 /* Build configuration list for PBXProject "iOS-AnyWordsParty" */;
			compatibilityVersion = "Xcode 13.0";
			developmentRegion = en;
			hasScannedForEncodings = 0;
			knownRegions = (
				en,
				Base,
			);
			mainGroup = 63F9069627ABBE2700451844;
			productRefGroup = 63F906A027ABBE2700451844 /* Products */;
			projectDirPath = "";
			projectRoot = "";
			targets = (
				63F9069E27ABBE2700451844 /* iOS-AnyWordsParty */,
			);
		};
/* End PBXProject section */

/* Begin PBXResourcesBuildPhase section */
		63F9069D27ABBE2700451844 /* Resources */ = {
			isa = PBXResourcesBuildPhase;
			buildActionMask = 2147483647;
			files = (
				63F906AF27ABBE2900451844 /* LaunchScreen.storyboard in Resources */,
				63F906AC27ABBE2900451844 /* Assets.xcassets in Resources */,
				63F906AA27ABBE2700451844 /* Main.storyboard in Resources */,
			);
			runOnlyForDeploymentPostprocessing = 0;
		};
/* End PBXResourcesBuildPhase section */

/* Begin PBXSourcesBuildPhase section */
		63F9069B27ABBE2700451844 /* Sources */ = {
			isa = PBXSourcesBuildPhase;
			buildActionMask = 2147483647;
			files = (
				63F906BF27AC0D2E00451844 /* Joke+CoreDataClass.swift in Sources */,
				63F906A327ABBE2700451844 /* AppDelegate.swift in Sources */,
				63F906B727ABC5EA00451844 /* AnyWordsPartyTableViewController.swift in Sources */,
				63F906A527ABBE2700451844 /* SceneDelegate.swift in Sources */,
				63F906BC27AC039500451844 /* JokeModel.xcdatamodeld in Sources */,
				63F906B927ABFEC000451844 /* InputViewController.swift in Sources */,
				63F906C027AC0D2E00451844 /* Joke+CoreDataProperties.swift in Sources */,
				638E6D9127AFFC550092B324 /* Array+Extension.swift in Sources */,
			);
			runOnlyForDeploymentPostprocessing = 0;
		};
/* End PBXSourcesBuildPhase section */

/* Begin PBXVariantGroup section */
		63F906A827ABBE2700451844 /* Main.storyboard */ = {
			isa = PBXVariantGroup;
			children = (
				63F906A927ABBE2700451844 /* Base */,
			);
			name = Main.storyboard;
			sourceTree = "<group>";
		};
		63F906AD27ABBE2900451844 /* LaunchScreen.storyboard */ = {
			isa = PBXVariantGroup;
			children = (
				63F906AE27ABBE2900451844 /* Base */,
			);
			name = LaunchScreen.storyboard;
			sourceTree = "<group>";
		};
/* End PBXVariantGroup section */

/* Begin XCBuildConfiguration section */
		63F906B127ABBE2900451844 /* Debug */ = {
			isa = XCBuildConfiguration;
			buildSettings = {
				ALWAYS_SEARCH_USER_PATHS = NO;
				CLANG_ANALYZER_NONNULL = YES;
				CLANG_ANALYZER_NUMBER_OBJECT_CONVERSION = YES_AGGRESSIVE;
				CLANG_CXX_LANGUAGE_STANDARD = "gnu++17";
				CLANG_CXX_LIBRARY = "libc++";
				CLANG_ENABLE_MODULES = YES;
				CLANG_ENABLE_OBJC_ARC = YES;
				CLANG_ENABLE_OBJC_WEAK = YES;
				CLANG_WARN_BLOCK_CAPTURE_AUTORELEASING = YES;
				CLANG_WARN_BOOL_CONVERSION = YES;
				CLANG_WARN_COMMA = YES;
				CLANG_WARN_CONSTANT_CONVERSION = YES;
				CLANG_WARN_DEPRECATED_OBJC_IMPLEMENTATIONS = YES;
				CLANG_WARN_DIRECT_OBJC_ISA_USAGE = YES_ERROR;
				CLANG_WARN_DOCUMENTATION_COMMENTS = YES;
				CLANG_WARN_EMPTY_BODY = YES;
				CLANG_WARN_ENUM_CONVERSION = YES;
				CLANG_WARN_INFINITE_RECURSION = YES;
				CLANG_WARN_INT_CONVERSION = YES;
				CLANG_WARN_NON_LITERAL_NULL_CONVERSION = YES;
				CLANG_WARN_OBJC_IMPLICIT_RETAIN_SELF = YES;
				CLANG_WARN_OBJC_LITERAL_CONVERSION = YES;
				CLANG_WARN_OBJC_ROOT_CLASS = YES_ERROR;
				CLANG_WARN_QUOTED_INCLUDE_IN_FRAMEWORK_HEADER = YES;
				CLANG_WARN_RANGE_LOOP_ANALYSIS = YES;
				CLANG_WARN_STRICT_PROTOTYPES = YES;
				CLANG_WARN_SUSPICIOUS_MOVE = YES;
				CLANG_WARN_UNGUARDED_AVAILABILITY = YES_AGGRESSIVE;
				CLANG_WARN_UNREACHABLE_CODE = YES;
				CLANG_WARN__DUPLICATE_METHOD_MATCH = YES;
				COPY_PHASE_STRIP = NO;
				DEBUG_INFORMATION_FORMAT = dwarf;
				ENABLE_STRICT_OBJC_MSGSEND = YES;
				ENABLE_TESTABILITY = YES;
				GCC_C_LANGUAGE_STANDARD = gnu11;
				GCC_DYNAMIC_NO_PIC = NO;
				GCC_NO_COMMON_BLOCKS = YES;
				GCC_OPTIMIZATION_LEVEL = 0;
				GCC_PREPROCESSOR_DEFINITIONS = (
					"DEBUG=1",
					"$(inherited)",
				);
				GCC_WARN_64_TO_32_BIT_CONVERSION = YES;
				GCC_WARN_ABOUT_RETURN_TYPE = YES_ERROR;
				GCC_WARN_UNDECLARED_SELECTOR = YES;
				GCC_WARN_UNINITIALIZED_AUTOS = YES_AGGRESSIVE;
				GCC_WARN_UNUSED_FUNCTION = YES;
				GCC_WARN_UNUSED_VARIABLE = YES;
				IPHONEOS_DEPLOYMENT_TARGET = 15.0;
				MTL_ENABLE_DEBUG_INFO = INCLUDE_SOURCE;
				MTL_FAST_MATH = YES;
				ONLY_ACTIVE_ARCH = YES;
				SDKROOT = iphoneos;
				SWIFT_ACTIVE_COMPILATION_CONDITIONS = DEBUG;
				SWIFT_OPTIMIZATION_LEVEL = "-Onone";
			};
			name = Debug;
		};
		63F906B227ABBE2900451844 /* Release */ = {
			isa = XCBuildConfiguration;
			buildSettings = {
				ALWAYS_SEARCH_USER_PATHS = NO;
				CLANG_ANALYZER_NONNULL = YES;
				CLANG_ANALYZER_NUMBER_OBJECT_CONVERSION = YES_AGGRESSIVE;
				CLANG_CXX_LANGUAGE_STANDARD = "gnu++17";
				CLANG_CXX_LIBRARY = "libc++";
				CLANG_ENABLE_MODULES = YES;
				CLANG_ENABLE_OBJC_ARC = YES;
				CLANG_ENABLE_OBJC_WEAK = YES;
				CLANG_WARN_BLOCK_CAPTURE_AUTORELEASING = YES;
				CLANG_WARN_BOOL_CONVERSION = YES;
				CLANG_WARN_COMMA = YES;
				CLANG_WARN_CONSTANT_CONVERSION = YES;
				CLANG_WARN_DEPRECATED_OBJC_IMPLEMENTATIONS = YES;
				CLANG_WARN_DIRECT_OBJC_ISA_USAGE = YES_ERROR;
				CLANG_WARN_DOCUMENTATION_COMMENTS = YES;
				CLANG_WARN_EMPTY_BODY = YES;
				CLANG_WARN_ENUM_CONVERSION = YES;
				CLANG_WARN_INFINITE_RECURSION = YES;
				CLANG_WARN_INT_CONVERSION = YES;
				CLANG_WARN_NON_LITERAL_NULL_CONVERSION = YES;
				CLANG_WARN_OBJC_IMPLICIT_RETAIN_SELF = YES;
				CLANG_WARN_OBJC_LITERAL_CONVERSION = YES;
				CLANG_WARN_OBJC_ROOT_CLASS = YES_ERROR;
				CLANG_WARN_QUOTED_INCLUDE_IN_FRAMEWORK_HEADER = YES;
				CLANG_WARN_RANGE_LOOP_ANALYSIS = YES;
				CLANG_WARN_STRICT_PROTOTYPES = YES;
				CLANG_WARN_SUSPICIOUS_MOVE = YES;
				CLANG_WARN_UNGUARDED_AVAILABILITY = YES_AGGRESSIVE;
				CLANG_WARN_UNREACHABLE_CODE = YES;
				CLANG_WARN__DUPLICATE_METHOD_MATCH = YES;
				COPY_PHASE_STRIP = NO;
				DEBUG_INFORMATION_FORMAT = "dwarf-with-dsym";
				ENABLE_NS_ASSERTIONS = NO;
				ENABLE_STRICT_OBJC_MSGSEND = YES;
				GCC_C_LANGUAGE_STANDARD = gnu11;
				GCC_NO_COMMON_BLOCKS = YES;
				GCC_WARN_64_TO_32_BIT_CONVERSION = YES;
				GCC_WARN_ABOUT_RETURN_TYPE = YES_ERROR;
				GCC_WARN_UNDECLARED_SELECTOR = YES;
				GCC_WARN_UNINITIALIZED_AUTOS = YES_AGGRESSIVE;
				GCC_WARN_UNUSED_FUNCTION = YES;
				GCC_WARN_UNUSED_VARIABLE = YES;
				IPHONEOS_DEPLOYMENT_TARGET = 15.0;
				MTL_ENABLE_DEBUG_INFO = NO;
				MTL_FAST_MATH = YES;
				SDKROOT = iphoneos;
				SWIFT_COMPILATION_MODE = wholemodule;
				SWIFT_OPTIMIZATION_LEVEL = "-O";
				VALIDATE_PRODUCT = YES;
			};
			name = Release;
		};
		63F906B427ABBE2900451844 /* Debug */ = {
			isa = XCBuildConfiguration;
			buildSettings = {
				ASSETCATALOG_COMPILER_APPICON_NAME = AppIcon;
				ASSETCATALOG_COMPILER_GLOBAL_ACCENT_COLOR_NAME = AccentColor;
				CODE_SIGN_STYLE = Automatic;
				CURRENT_PROJECT_VERSION = 1;
				DEVELOPMENT_TEAM = 3LTF5F2YL4;
				GENERATE_INFOPLIST_FILE = YES;
				INFOPLIST_FILE = "iOS-AnyWordsParty/Info.plist";
				INFOPLIST_KEY_UIApplicationSupportsIndirectInputEvents = YES;
				INFOPLIST_KEY_UILaunchStoryboardName = LaunchScreen;
				INFOPLIST_KEY_UIMainStoryboardFile = Main;
				INFOPLIST_KEY_UISupportedInterfaceOrientations_iPad = "UIInterfaceOrientationPortrait UIInterfaceOrientationPortraitUpsideDown UIInterfaceOrientationLandscapeLeft UIInterfaceOrientationLandscapeRight";
				INFOPLIST_KEY_UISupportedInterfaceOrientations_iPhone = "UIInterfaceOrientationPortrait UIInterfaceOrientationLandscapeLeft UIInterfaceOrientationLandscapeRight";
				LD_RUNPATH_SEARCH_PATHS = (
					"$(inherited)",
					"@executable_path/Frameworks",
				);
				MARKETING_VERSION = 1.0;
				PRODUCT_BUNDLE_IDENTIFIER = "com.YeahgDev.iOS-AnyWordsParty";
				PRODUCT_NAME = "$(TARGET_NAME)";
				SWIFT_EMIT_LOC_STRINGS = YES;
				SWIFT_VERSION = 5.0;
				TARGETED_DEVICE_FAMILY = "1,2";
			};
			name = Debug;
		};
		63F906B527ABBE2900451844 /* Release */ = {
			isa = XCBuildConfiguration;
			buildSettings = {
				ASSETCATALOG_COMPILER_APPICON_NAME = AppIcon;
				ASSETCATALOG_COMPILER_GLOBAL_ACCENT_COLOR_NAME = AccentColor;
				CODE_SIGN_STYLE = Automatic;
				CURRENT_PROJECT_VERSION = 1;
				DEVELOPMENT_TEAM = 3LTF5F2YL4;
				GENERATE_INFOPLIST_FILE = YES;
				INFOPLIST_FILE = "iOS-AnyWordsParty/Info.plist";
				INFOPLIST_KEY_UIApplicationSupportsIndirectInputEvents = YES;
				INFOPLIST_KEY_UILaunchStoryboardName = LaunchScreen;
				INFOPLIST_KEY_UIMainStoryboardFile = Main;
				INFOPLIST_KEY_UISupportedInterfaceOrientations_iPad = "UIInterfaceOrientationPortrait UIInterfaceOrientationPortraitUpsideDown UIInterfaceOrientationLandscapeLeft UIInterfaceOrientationLandscapeRight";
				INFOPLIST_KEY_UISupportedInterfaceOrientations_iPhone = "UIInterfaceOrientationPortrait UIInterfaceOrientationLandscapeLeft UIInterfaceOrientationLandscapeRight";
				LD_RUNPATH_SEARCH_PATHS = (
					"$(inherited)",
					"@executable_path/Frameworks",
				);
				MARKETING_VERSION = 1.0;
				PRODUCT_BUNDLE_IDENTIFIER = "com.YeahgDev.iOS-AnyWordsParty";
				PRODUCT_NAME = "$(TARGET_NAME)";
				SWIFT_EMIT_LOC_STRINGS = YES;
				SWIFT_VERSION = 5.0;
				TARGETED_DEVICE_FAMILY = "1,2";
			};
			name = Release;
		};
/* End XCBuildConfiguration section */

/* Begin XCConfigurationList section */
		63F9069A27ABBE2700451844 /* Build configuration list for PBXProject "iOS-AnyWordsParty" */ = {
			isa = XCConfigurationList;
			buildConfigurations = (
				63F906B127ABBE2900451844 /* Debug */,
				63F906B227ABBE2900451844 /* Release */,
			);
			defaultConfigurationIsVisible = 0;
			defaultConfigurationName = Release;
		};
		63F906B327ABBE2900451844 /* Build configuration list for PBXNativeTarget "iOS-AnyWordsParty" */ = {
			isa = XCConfigurationList;
			buildConfigurations = (
				63F906B427ABBE2900451844 /* Debug */,
				63F906B527ABBE2900451844 /* Release */,
			);
			defaultConfigurationIsVisible = 0;
			defaultConfigurationName = Release;
		};
/* End XCConfigurationList section */

/* Begin XCVersionGroup section */
		63F906BA27AC039500451844 /* JokeModel.xcdatamodeld */ = {
			isa = XCVersionGroup;
			children = (
				63F906BB27AC039500451844 /* JokeModel.xcdatamodel */,
			);
			currentVersion = 63F906BB27AC039500451844 /* JokeModel.xcdatamodel */;
			path = JokeModel.xcdatamodeld;
			sourceTree = "<group>";
			versionGroupType = wrapper.xcdatamodel;
		};
/* End XCVersionGroup section */
	};
	rootObject = 63F9069727ABBE2700451844 /* Project object */;
}
